
Microsoft Visual Studio Solution File, Format Version 12.00
# Visual Studio Version 16
VisualStudioVersion = 16.0.30114.105
MinimumVisualStudioVersion = 10.0.40219.1
Project("{FAE04EC0-301F-11D3-BF4B-00C04F79EFBC}") = "CarTrader.Services.Workflow.Api", "CarTrader.Services.Workflow.Api\CarTrader.Services.Workflow.Api.csproj", "{0D351CB9-4938-4D1F-B76F-1B3FF419525A}"
EndProject
Project("{FAE04EC0-301F-11D3-BF4B-00C04F79EFBC}") = "CarTrader.Services.Workflow.Application", "CarTrader.Services.Workflow.Application\CarTrader.Services.Workflow.Application.csproj", "{1933AE4C-4FCB-403C-9F0C-17627B86ED94}"
EndProject
Project("{FAE04EC0-301F-11D3-BF4B-00C04F79EFBC}") = "CarTrader.Services.Workflow.Domain", "CarTrader.Services.Workflow.Domain\CarTrader.Services.Workflow.Domain.csproj", "{5FE411BA-8DDB-4EE9-804E-0F61A1F1D540}"
EndProject
Project("{FAE04EC0-301F-11D3-BF4B-00C04F79EFBC}") = "CarTrader.Services.Workflow.Infrastructure", "CarTrader.Services.Workflow.Infrastructure\CarTrader.Services.Workflow.Infrastructure.csproj", "{326D550F-0A83-44E8-B6B1-3EDE6D290D93}"
EndProject
Global
	GlobalSection(SolutionConfigurationPlatforms) = preSolution
		Debug|Any CPU = Debug|Any CPU
		Release|Any CPU = Release|Any CPU
	EndGlobalSection
	GlobalSection(SolutionProperties) = preSolution
		HideSolutionNode = FALSE
	EndGlobalSection
	GlobalSection(ProjectConfigurationPlatforms) = postSolution
		{0D351CB9-4938-4D1F-B76F-1B3FF419525A}.Debug|Any CPU.ActiveCfg = Debug|Any CPU
		{0D351CB9-4938-4D1F-B76F-1B3FF419525A}.Debug|Any CPU.Build.0 = Debug|Any CPU
		{0D351CB9-4938-4D1F-B76F-1B3FF419525A}.Release|Any CPU.ActiveCfg = Release|Any CPU
		{0D351CB9-4938-4D1F-B76F-1B3FF419525A}.Release|Any CPU.Build.0 = Release|Any CPU
		{1933AE4C-4FCB-403C-9F0C-17627B86ED94}.Debug|Any CPU.ActiveCfg = Debug|Any CPU
		{1933AE4C-4FCB-403C-9F0C-17627B86ED94}.Debug|Any CPU.Build.0 = Debug|Any CPU
		{1933AE4C-4FCB-403C-9F0C-17627B86ED94}.Release|Any CPU.ActiveCfg = Release|Any CPU
		{1933AE4C-4FCB-403C-9F0C-17627B86ED94}.Release|Any CPU.Build.0 = Release|Any CPU
		{5FE411BA-8DDB-4EE9-804E-0F61A1F1D540}.Debug|Any CPU.ActiveCfg = Debug|Any CPU
		{5FE411BA-8DDB-4EE9-804E-0F61A1F1D540}.Debug|Any CPU.Build.0 = Debug|Any CPU
		{5FE411BA-8DDB-4EE9-804E-0F61A1F1D540}.Release|Any CPU.ActiveCfg = Release|Any CPU
		{5FE411BA-8DDB-4EE9-804E-0F61A1F1D540}.Release|Any CPU.Build.0 = Release|Any CPU
		{326D550F-0A83-44E8-B6B1-3EDE6D290D93}.Debug|Any CPU.ActiveCfg = Debug|Any CPU
		{326D550F-0A83-44E8-B6B1-3EDE6D290D93}.Debug|Any CPU.Build.0 = Debug|Any CPU
		{326D550F-0A83-44E8-B6B1-3EDE6D290D93}.Release|Any CPU.ActiveCfg = Release|Any CPU
		{326D550F-0A83-44E8-B6B1-3EDE6D290D93}.Release|Any CPU.Build.0 = Release|Any CPU
	EndGlobalSection
EndGlobal
